// !$*UTF8*$!
{
	archiveVersion = 1;
	classes = {
	};
	objectVersion = 46;
	objects = {

/* Begin PBXBuildFile section */
		FA68A4A11E416E4600BC1759 /* AppDelegate.swift in Sources */ = {isa = PBXBuildFile; fileRef = FA68A4A01E416E4600BC1759 /* AppDelegate.swift */; };
		FA68A4A31E416E4600BC1759 /* ViewController.swift in Sources */ = {isa = PBXBuildFile; fileRef = FA68A4A21E416E4600BC1759 /* ViewController.swift */; };
		FA68A4A61E416E4600BC1759 /* Main.storyboard in Resources */ = {isa = PBXBuildFile; fileRef = FA68A4A41E416E4600BC1759 /* Main.storyboard */; };
		FA68A4A81E416E4600BC1759 /* Assets.xcassets in Resources */ = {isa = PBXBuildFile; fileRef = FA68A4A71E416E4600BC1759 /* Assets.xcassets */; };
		FA68A4AB1E416E4600BC1759 /* LaunchScreen.storyboard in Resources */ = {isa = PBXBuildFile; fileRef = FA68A4A91E416E4600BC1759 /* LaunchScreen.storyboard */; };
/* End PBXBuildFile section */

/* Begin PBXFileReference section */
		FA68A49D1E416E4600BC1759 /* Tower.app */ = {isa = PBXFileReference; explicitFileType = wrapper.application; includeInIndex = 0; path = Tower.app; sourceTree = BUILT_PRODUCTS_DIR; };
		FA68A4A01E416E4600BC1759 /* AppDelegate.swift */ = {isa = PBXFileReference; lastKnownFileType = sourcecode.swift; path = AppDelegate.swift; sourceTree = "<group>"; };
		FA68A4A21E416E4600BC1759 /* ViewController.swift */ = {isa = PBXFileReference; lastKnownFileType = sourcecode.swift; path = ViewController.swift; sourceTree = "<group>"; };
		FA68A4A51E416E4600BC1759 /* Base */ = {isa = PBXFileReference; lastKnownFileType = file.storyboard; name = Base; path = Base.lproj/Main.storyboard; sourceTree = "<group>"; };
		FA68A4A71E416E4600BC1759 /* Assets.xcassets */ = {isa = PBXFileReference; lastKnownFileType = folder.assetcatalog; path = Assets.xcassets; sourceTree = "<group>"; };
		FA68A4AA1E416E4600BC1759 /* Base */ = {isa = PBXFileReference; lastKnownFileType = file.storyboard; name = Base; path = Base.lproj/LaunchScreen.storyboard; sourceTree = "<group>"; };
		FA68A4AC1E416E4600BC1759 /* Info.plist */ = {isa = PBXFileReference; lastKnownFileType = text.plist.xml; path = Info.plist; sourceTree = "<group>"; };
/* End PBXFileReference section */

/* Begin PBXFrameworksBuildPhase section */
		FA68A49A1E416E4500BC1759 /* Frameworks */ = {
			isa = PBXFrameworksBuildPhase;
			buildActionMask = 2147483647;
			files = (
			);
			runOnlyForDeploymentPostprocessing = 0;
		};
/* End PBXFrameworksBuildPhase section */

/* Begin PBXGroup section */
		FA68A4941E416E4500BC1759 = {
			isa = PBXGroup;
			children = (
				FA68A49F1E416E4600BC1759 /* Tower */,
				FA68A49E1E416E4600BC1759 /* Products */,
			);
			sourceTree = "<group>";
		};
		FA68A49E1E416E4600BC1759 /* Products */ = {
			isa = PBXGroup;
			children = (
				FA68A49D1E416E4600BC1759 /* Tower.app */,
			);
			name = Products;
			sourceTree = "<group>";
		};
		FA68A49F1E416E4600BC1759 /* Tower */ = {
			isa = PBXGroup;
			children = (
				FA68A4A01E416E4600BC1759 /* AppDelegate.swift */,
				FA68A4A21E416E4600BC1759 /* ViewController.swift */,
				FA68A4A41E416E4600BC1759 /* Main.storyboard */,
				FA68A4A71E416E4600BC1759 /* Assets.xcassets */,
				FA68A4A91E416E4600BC1759 /* LaunchScreen.storyboard */,
				FA68A4AC1E416E4600BC1759 /* Info.plist */,
			);
			path = Tower;
			sourceTree = "<group>";
		};
/* End PBXGroup section */

/* Begin PBXNativeTarget section */
		FA68A49C1E416E4500BC1759 /* Tower */ = {
			isa = PBXNativeTarget;
			buildConfigurationList = FA68A4AF1E416E4600BC1759 /* Build configuration list for PBXNativeTarget "Tower" */;
			buildPhases = (
				FA68A4991E416E4500BC1759 /* Sources */,
				FA68A49A1E416E4500BC1759 /* Frameworks */,
				FA68A49B1E416E4500BC1759 /* Resources */,
			);
			buildRules = (
			);
			dependencies = (
			);
			name = Tower;
			productName = Tower;
			productReference = FA68A49D1E416E4600BC1759 /* Tower.app */;
			productType = "com.apple.product-type.application";
		};
/* End PBXNativeTarget section */

/* Begin PBXProject section */
		FA68A4951E416E4500BC1759 /* Project object */ = {
			isa = PBXProject;
			attributes = {
				LastSwiftUpdateCheck = 0820;
				LastUpgradeCheck = 0820;
				ORGANIZATIONNAME = "Juan Manuel Jimenez Sanchez";
				TargetAttributes = {
					FA68A49C1E416E4500BC1759 = {
						CreatedOnToolsVersion = 8.2.1;
						ProvisioningStyle = Automatic;
					};
				};
			};
			buildConfigurationList = FA68A4981E416E4500BC1759 /* Build configuration list for PBXProject "Tower" */;
			compatibilityVersion = "Xcode 3.2";
			developmentRegion = English;
			hasScannedForEncodings = 0;
			knownRegions = (
				en,
				Base,
			);
			mainGroup = FA68A4941E416E4500BC1759;
			productRefGroup = FA68A49E1E416E4600BC1759 /* Products */;
			projectDirPath = "";
			projectRoot = "";
			targets = (
				FA68A49C1E416E4500BC1759 /* Tower */,
			);
		};
/* End PBXProject section */

/* Begin PBXResourcesBuildPhase section */
		FA68A49B1E416E4500BC1759 /* Resources */ = {
			isa = PBXResourcesBuildPhase;
			buildActionMask = 2147483647;
			files = (
				FA68A4AB1E416E4600BC1759 /* LaunchScreen.storyboard in Resources */,
				FA68A4A81E416E4600BC1759 /* Assets.xcassets in Resources */,
				FA68A4A61E416E4600BC1759 /* Main.storyboard in Resources */,
			);
			runOnlyForDeploymentPostprocessing = 0;
		};
/* End PBXResourcesBuildPhase section */

/* Begin PBXSourcesBuildPhase section */
		FA68A4991E416E4500BC1759 /* Sources */ = {
			isa = PBXSourcesBuildPhase;
			buildActionMask = 2147483647;
			files = (
				FA68A4A31E416E4600BC1759 /* ViewController.swift in Sources */,
				FA68A4A11E416E4600BC1759 /* AppDelegate.swift in Sources */,
			);
			runOnlyForDeploymentPostprocessing = 0;
		};
/* End PBXSourcesBuildPhase section */

/* Begin PBXVariantGroup section */
		FA68A4A41E416E4600BC1759 /* Main.storyboard */ = {
			isa = PBXVariantGroup;
			children = (
				FA68A4A51E416E4600BC1759 /* Base */,
			);
			name = Main.storyboard;
			sourceTree = "<group>";
		};
		FA68A4A91E416E4600BC1759 /* LaunchScreen.storyboard */ = {
			isa = PBXVariantGroup;
			children = (
				FA68A4AA1E416E4600BC1759 /* Base */,
			);
			name = LaunchScreen.storyboard;
			sourceTree = "<group>";
		};
/* End PBXVariantGroup section */

/* Begin XCBuildConfiguration section */
		FA68A4AD1E416E4600BC1759 /* Debug */ = {
			isa = XCBuildConfiguration;
			buildSettings = {
				ALWAYS_SEARCH_USER_PATHS = NO;
				CLANG_ANALYZER_NONNULL = YES;
				CLANG_CXX_LANGUAGE_STANDARD = "gnu++0x";
				CLANG_CXX_LIBRARY = "libc++";
				CLANG_ENABLE_MODULES = YES;
				CLANG_ENABLE_OBJC_ARC = YES;
				CLANG_WARN_BOOL_CONVERSION = YES;
				CLANG_WARN_CONSTANT_CONVERSION = YES;
				CLANG_WARN_DIRECT_OBJC_ISA_USAGE = YES_ERROR;
				CLANG_WARN_DOCUMENTATION_COMMENTS = YES;
				CLANG_WARN_EMPTY_BODY = YES;
				CLANG_WARN_ENUM_CONVERSION = YES;
				CLANG_WARN_INFINITE_RECURSION = YES;
				CLANG_WARN_INT_CONVERSION = YES;
				CLANG_WARN_OBJC_ROOT_CLASS = YES_ERROR;
				CLANG_WARN_SUSPICIOUS_MOVE = YES;
				CLANG_WARN_UNREACHABLE_CODE = YES;
				CLANG_WARN__DUPLICATE_METHOD_MATCH = YES;
				"CODE_SIGN_IDENTITY[sdk=iphoneos*]" = "iPhone Developer";
				COPY_PHASE_STRIP = NO;
				DEBUG_INFORMATION_FORMAT = dwarf;
				ENABLE_STRICT_OBJC_MSGSEND = YES;
				ENABLE_TESTABILITY = YES;
				GCC_C_LANGUAGE_STANDARD = gnu99;
				GCC_DYNAMIC_NO_PIC = NO;
				GCC_NO_COMMON_BLOCKS = YES;
				GCC_OPTIMIZATION_LEVEL = 0;
				GCC_PREPROCESSOR_DEFINITIONS = (
					"DEBUG=1",
					"$(inherited)",
				);
				GCC_WARN_64_TO_32_BIT_CONVERSION = YES;
				GCC_WARN_ABOUT_RETURN_TYPE = YES_ERROR;
				GCC_WARN_UNDECLARED_SELECTOR = YES;
				GCC_WARN_UNINITIALIZED_AUTOS = YES_AGGRESSIVE;
				GCC_WARN_UNUSED_FUNCTION = YES;
				GCC_WARN_UNUSED_VARIABLE = YES;
				IPHONEOS_DEPLOYMENT_TARGET = 10.2;
				MTL_ENABLE_DEBUG_INFO = YES;
				ONLY_ACTIVE_ARCH = YES;
				SDKROOT = iphoneos;
				SWIFT_ACTIVE_COMPILATION_CONDITIONS = DEBUG;
				SWIFT_OPTIMIZATION_LEVEL = "-Onone";
			};
			name = Debug;
		};
		FA68A4AE1E416E4600BC1759 /* Release */ = {
			isa = XCBuildConfiguration;
			buildSettings = {
				ALWAYS_SEARCH_USER_PATHS = NO;
				CLANG_ANALYZER_NONNULL = YES;
				CLANG_CXX_LANGUAGE_STANDARD = "gnu++0x";
				CLANG_CXX_LIBRARY = "libc++";
				CLANG_ENABLE_MODULES = YES;
				CLANG_ENABLE_OBJC_ARC = YES;
				CLANG_WARN_BOOL_CONVERSION = YES;
				CLANG_WARN_CONSTANT_CONVERSION = YES;
				CLANG_WARN_DIRECT_OBJC_ISA_USAGE = YES_ERROR;
				CLANG_WARN_DOCUMENTATION_COMMENTS = YES;
				CLANG_WARN_EMPTY_BODY = YES;
				CLANG_WARN_ENUM_CONVERSION = YES;
				CLANG_WARN_INFINITE_RECURSION = YES;
				CLANG_WARN_INT_CONVERSION = YES;
				CLANG_WARN_OBJC_ROOT_CLASS = YES_ERROR;
				CLANG_WARN_SUSPICIOUS_MOVE = YES;
				CLANG_WARN_UNREACHABLE_CODE = YES;
				CLANG_WARN__DUPLICATE_METHOD_MATCH = YES;
				"CODE_SIGN_IDENTITY[sdk=iphoneos*]" = "iPhone Developer";
				COPY_PHASE_STRIP = NO;
				DEBUG_INFORMATION_FORMAT = "dwarf-with-dsym";
				ENABLE_NS_ASSERTIONS = NO;
				ENABLE_STRICT_OBJC_MSGSEND = YES;
				GCC_C_LANGUAGE_STANDARD = gnu99;
				GCC_NO_COMMON_BLOCKS = YES;
				GCC_WARN_64_TO_32_BIT_CONVERSION = YES;
				GCC_WARN_ABOUT_RETURN_TYPE = YES_ERROR;
				GCC_WARN_UNDECLARED_SELECTOR = YES;
				GCC_WARN_UNINITIALIZED_AUTOS = YES_AGGRESSIVE;
				GCC_WARN_UNUSED_FUNCTION = YES;
				GCC_WARN_UNUSED_VARIABLE = YES;
				IPHONEOS_DEPLOYMENT_TARGET = 10.2;
				MTL_ENABLE_DEBUG_INFO = NO;
				SDKROOT = iphoneos;
				SWIFT_OPTIMIZATION_LEVEL = "-Owholemodule";
				VALIDATE_PRODUCT = YES;
			};
			name = Release;
		};
		FA68A4B01E416E4600BC1759 /* Debug */ = {
			isa = XCBuildConfiguration;
			buildSettings = {
				ASSETCATALOG_COMPILER_APPICON_NAME = AppIcon;
				INFOPLIST_FILE = Tower/Info.plist;
				LD_RUNPATH_SEARCH_PATHS = "$(inherited) @executable_path/Frameworks";
				PRODUCT_BUNDLE_IDENTIFIER = com.juanmjimenezs.Tower;
				PRODUCT_NAME = "$(TARGET_NAME)";
				SWIFT_VERSION = 3.0;
			};
			name = Debug;
		};
		FA68A4B11E416E4600BC1759 /* Release */ = {
			isa = XCBuildConfiguration;
			buildSettings = {
				ASSETCATALOG_COMPILER_APPICON_NAME = AppIcon;
				INFOPLIST_FILE = Tower/Info.plist;
				LD_RUNPATH_SEARCH_PATHS = "$(inherited) @executable_path/Frameworks";
				PRODUCT_BUNDLE_IDENTIFIER = com.juanmjimenezs.Tower;
				PRODUCT_NAME = "$(TARGET_NAME)";
				SWIFT_VERSION = 3.0;
			};
			name = Release;
		};
/* End XCBuildConfiguration section */

/* Begin XCConfigurationList section */
		FA68A4981E416E4500BC1759 /* Build configuration list for PBXProject "Tower" */ = {
			isa = XCConfigurationList;
			buildConfigurations = (
				FA68A4AD1E416E4600BC1759 /* Debug */,
				FA68A4AE1E416E4600BC1759 /* Release */,
			);
			defaultConfigurationIsVisible = 0;
			defaultConfigurationName = Release;
		};
		FA68A4AF1E416E4600BC1759 /* Build configuration list for PBXNativeTarget "Tower" */ = {
			isa = XCConfigurationList;
			buildConfigurations = (
				FA68A4B01E416E4600BC1759 /* Debug */,
				FA68A4B11E416E4600BC1759 /* Release */,
			);
			defaultConfigurationIsVisible = 0;
		};
/* End XCConfigurationList section */
	};
	rootObject = FA68A4951E416E4500BC1759 /* Project object */;
}
